
Microsoft Visual Studio Solution File, Format Version 12.00
# Visual Studio Version 17
VisualStudioVersion = 17.7.34031.279
MinimumVisualStudioVersion = 10.0.40219.1
Project("{FAE04EC0-301F-11D3-BF4B-00C04F79EFBC}") = "TESTAPP", "TESTAPP\TESTAPP.csproj", "{114FBB22-729D-44CD-9BE6-85C256C99A14}"
EndProject
Global
	GlobalSection(SolutionConfigurationPlatforms) = preSolution
		Debug|Any CPU = Debug|Any CPU
		Release|Any CPU = Release|Any CPU
	EndGlobalSection
	GlobalSection(ProjectConfigurationPlatforms) = postSolution
		{114FBB22-729D-44CD-9BE6-85C256C99A14}.Debug|Any CPU.ActiveCfg = Debug|Any CPU
		{114FBB22-729D-44CD-9BE6-85C256C99A14}.Debug|Any CPU.Build.0 = Debug|Any CPU
		{114FBB22-729D-44CD-9BE6-85C256C99A14}.Release|Any CPU.ActiveCfg = Release|Any CPU
		{114FBB22-729D-44CD-9BE6-85C256C99A14}.Release|Any CPU.Build.0 = Release|Any CPU
	EndGlobalSection
	GlobalSection(SolutionProperties) = preSolution
		HideSolutionNode = FALSE
	EndGlobalSection
	GlobalSection(ExtensibilityGlobals) = postSolution
		SolutionGuid = {F7CA187E-99EE-41B1-AF05-E0C2DF14F9D5}
	EndGlobalSection
EndGlobal
